
Microsoft Visual Studio Solution File, Format Version 12.00
# Visual Studio Version 17
VisualStudioVersion = 17.0.32014.148
MinimumVisualStudioVersion = 10.0.40219.1
Project("{9A19103F-16F7-4668-BE54-9A1E7A4F7556}") = "Server", "Server.csproj", "{6EF35380-695D-4359-B981-31A1917C34D4}"
EndProject
Project("{9A19103F-16F7-4668-BE54-9A1E7A4F7556}") = "Model", "..\Model\Model.csproj", "{8BE7F452-568A-47EE-8644-8E4347C3226F}"
EndProject
Project("{9A19103F-16F7-4668-BE54-9A1E7A4F7556}") = "CityRunServerRouteApp", "..\CityRunServerRouteApp\CityRunServerRouteApp.csproj", "{6CC13B6D-06AE-4D0B-94B9-494127A62D63}"
EndProject
Project("{9A19103F-16F7-4668-BE54-9A1E7A4F7556}") = "CityRunFunction", "..\CityRunFunction\CityRunFunction.csproj", "{B585E17E-AAFB-496E-874A-21E9427AED48}"
EndProject
Project("{2150E333-8FDC-42A3-9474-1A3956D46DE8}") = "WebF", "WebF", "{B96DEDD9-26E3-4359-A983-148EBD7FAAA0}"
EndProject
Project("{9A19103F-16F7-4668-BE54-9A1E7A4F7556}") = "Geometry", "..\Geometry\Geometry.csproj", "{BE73411A-F8BB-49BB-8BB1-3DB3B740F385}"
EndProject
Project("{9A19103F-16F7-4668-BE54-9A1E7A4F7556}") = "MateWsAndHouse", "..\MateWsAndHouse\MateWsAndHouse.csproj", "{9B4C1214-0D81-4917-BF1E-004334A5C1B4}"
EndProject
Project("{9A19103F-16F7-4668-BE54-9A1E7A4F7556}") = "WsOfWebClient", "..\WsOfWebClient\WsOfWebClient.csproj", "{C39A70EB-4086-48D8-8D0C-E8C3F6256FBE}"
EndProject
Project("{9A19103F-16F7-4668-BE54-9A1E7A4F7556}") = "FileUpload", "..\FileUpload\FileUpload.csproj", "{54A14EE3-82DC-4DDB-80A3-0B2798D686B5}"
EndProject
Project("{9A19103F-16F7-4668-BE54-9A1E7A4F7556}") = "CommonClass", "..\CommonClass\CommonClass.csproj", "{63A61B0D-E434-4B88-867F-9F49CCCA090E}"
EndProject
Project("{9A19103F-16F7-4668-BE54-9A1E7A4F7556}") = "ShowDemo", "..\ShowDemo\ShowDemo.csproj", "{B1C0E10A-6F0E-47DB-BF08-C6776847A338}"
EndProject
Project("{9A19103F-16F7-4668-BE54-9A1E7A4F7556}") = "Test_HttpClientTest", "..\Test_HttpClientTest\Test_HttpClientTest.csproj", "{DC25001C-597B-435E-8BAB-CC5E0D9EC6FF}"
EndProject
Project("{9A19103F-16F7-4668-BE54-9A1E7A4F7556}") = "ConsoleTestAPP", "..\ConsoleTestAPP\ConsoleTestAPP.csproj", "{58B48CE4-A5F7-474D-B7BB-21025C363695}"
EndProject
Project("{9A19103F-16F7-4668-BE54-9A1E7A4F7556}") = "TcpFunction", "..\TcpFunction\TcpFunction.csproj", "{A4CD1DA7-30F8-4895-9F5D-327F6BDE90C8}"
EndProject
Project("{9A19103F-16F7-4668-BE54-9A1E7A4F7556}") = "HouseManagerController", "..\HouseManagerController\HouseManagerController.csproj", "{5F44E6FA-B5DB-4C53-9A72-E76974EAC71C}"
EndProject
Project("{9A19103F-16F7-4668-BE54-9A1E7A4F7556}") = "WindowsFormsController", "..\WindowsFormsController\WindowsFormsController.csproj", "{31FB4972-EA06-4B28-A363-82707D21EEDA}"
EndProject
Project("{9A19103F-16F7-4668-BE54-9A1E7A4F7556}") = "BitCoin", "..\BitCoin\BitCoin.csproj", "{9BEC2B5B-897A-49ED-8115-6F90244C9803}"
EndProject
Project("{9A19103F-16F7-4668-BE54-9A1E7A4F7556}") = "DalOfAddress", "..\DalOfAddress\DalOfAddress.csproj", "{6ED19806-D1F5-428E-B1F9-516B400DBB12}"
EndProject
Project("{9A19103F-16F7-4668-BE54-9A1E7A4F7556}") = "AppDoProgramFunction", "..\AppDoProgramFunction\AppDoProgramFunction.csproj", "{F3A15926-6864-48DC-9748-7F42B256207D}"
EndProject
Project("{9A19103F-16F7-4668-BE54-9A1E7A4F7556}") = "MarketConsoleApp", "..\MarketConsoleApp\MarketConsoleApp.csproj", "{12582B75-B5CB-4524-8861-5BAF907CE649}"
EndProject
Project("{9A19103F-16F7-4668-BE54-9A1E7A4F7556}") = "LogClass", "..\LogClass\LogClass.csproj", "{CE0849E2-90F1-4CAB-8E29-96CEAB288A23}"
EndProject
Project("{9A19103F-16F7-4668-BE54-9A1E7A4F7556}") = "ConsoleAppOtherFunc", "..\ConsoleAppOtherFunc\ConsoleAppOtherFunc.csproj", "{82CB3AA1-CCF7-4679-B4CE-5C2F193A7D34}"
EndProject
Project("{9A19103F-16F7-4668-BE54-9A1E7A4F7556}") = "HouseManager4_0", "..\HouseManager4_0\HouseManager4_0.csproj", "{12F38116-8D9F-40E6-BC40-E8B896A5569A}"
EndProject
Project("{9A19103F-16F7-4668-BE54-9A1E7A4F7556}") = "CubeImageTool", "..\CubeImageTool\CubeImageTool.csproj", "{EA57CF6E-9B33-41B7-9AF7-F33BF4F13CD1}"
EndProject
Project("{9A19103F-16F7-4668-BE54-9A1E7A4F7556}") = "AppCheckConnection", "..\AppCheckConnection\AppCheckConnection.csproj", "{212B522C-B6EC-41C3-8B9B-BD617E5B83C2}"
EndProject
Project("{9A19103F-16F7-4668-BE54-9A1E7A4F7556}") = "ModelHelper", "..\ModelHelper\ModelHelper.csproj", "{1B3943CB-2028-4637-9E6B-F5AFC90CF096}"
EndProject
Project("{9A19103F-16F7-4668-BE54-9A1E7A4F7556}") = "TestCore", "..\TestCore\TestCore.csproj", "{0356B2D3-B6DC-4C75-B964-CBCDAB21C046}"
EndProject
Project("{9A19103F-16F7-4668-BE54-9A1E7A4F7556}") = "BitCoinTrasfer", "..\BitCoinTrasfer\BitCoinTrasfer.csproj", "{F091D8FC-9348-4C50-BA2E-D1276AB25081}"
EndProject
Project("{FAE04EC0-301F-11D3-BF4B-00C04F79EFBC}") = "ConsoleBitcoinChainApp", "..\ConsoleBitcoinChainApp\ConsoleBitcoinChainApp.csproj", "{3D88488E-1258-48BC-8F15-4FFBBCC5DF00}"
EndProject
Global
	GlobalSection(SolutionConfigurationPlatforms) = preSolution
		Debug|Any CPU = Debug|Any CPU
		Debug|x64 = Debug|x64
		Debug|x86 = Debug|x86
		Release|Any CPU = Release|Any CPU
		Release|x64 = Release|x64
		Release|x86 = Release|x86
	EndGlobalSection
	GlobalSection(ProjectConfigurationPlatforms) = postSolution
		{6EF35380-695D-4359-B981-31A1917C34D4}.Debug|Any CPU.ActiveCfg = Debug|Any CPU
		{6EF35380-695D-4359-B981-31A1917C34D4}.Debug|Any CPU.Build.0 = Debug|Any CPU
		{6EF35380-695D-4359-B981-31A1917C34D4}.Debug|x64.ActiveCfg = Debug|Any CPU
		{6EF35380-695D-4359-B981-31A1917C34D4}.Debug|x64.Build.0 = Debug|Any CPU
		{6EF35380-695D-4359-B981-31A1917C34D4}.Debug|x86.ActiveCfg = Debug|Any CPU
		{6EF35380-695D-4359-B981-31A1917C34D4}.Debug|x86.Build.0 = Debug|Any CPU
		{6EF35380-695D-4359-B981-31A1917C34D4}.Release|Any CPU.ActiveCfg = Release|Any CPU
		{6EF35380-695D-4359-B981-31A1917C34D4}.Release|Any CPU.Build.0 = Release|Any CPU
		{6EF35380-695D-4359-B981-31A1917C34D4}.Release|x64.ActiveCfg = Release|Any CPU
		{6EF35380-695D-4359-B981-31A1917C34D4}.Release|x64.Build.0 = Release|Any CPU
		{6EF35380-695D-4359-B981-31A1917C34D4}.Release|x86.ActiveCfg = Release|Any CPU
		{6EF35380-695D-4359-B981-31A1917C34D4}.Release|x86.Build.0 = Release|Any CPU
		{8BE7F452-568A-47EE-8644-8E4347C3226F}.Debug|Any CPU.ActiveCfg = Debug|Any CPU
		{8BE7F452-568A-47EE-8644-8E4347C3226F}.Debug|Any CPU.Build.0 = Debug|Any CPU
		{8BE7F452-568A-47EE-8644-8E4347C3226F}.Debug|x64.ActiveCfg = Debug|Any CPU
		{8BE7F452-568A-47EE-8644-8E4347C3226F}.Debug|x64.Build.0 = Debug|Any CPU
		{8BE7F452-568A-47EE-8644-8E4347C3226F}.Debug|x86.ActiveCfg = Debug|Any CPU
		{8BE7F452-568A-47EE-8644-8E4347C3226F}.Debug|x86.Build.0 = Debug|Any CPU
		{8BE7F452-568A-47EE-8644-8E4347C3226F}.Release|Any CPU.ActiveCfg = Release|Any CPU
		{8BE7F452-568A-47EE-8644-8E4347C3226F}.Release|Any CPU.Build.0 = Release|Any CPU
		{8BE7F452-568A-47EE-8644-8E4347C3226F}.Release|x64.ActiveCfg = Release|Any CPU
		{8BE7F452-568A-47EE-8644-8E4347C3226F}.Release|x64.Build.0 = Release|Any CPU
		{8BE7F452-568A-47EE-8644-8E4347C3226F}.Release|x86.ActiveCfg = Release|Any CPU
		{8BE7F452-568A-47EE-8644-8E4347C3226F}.Release|x86.Build.0 = Release|Any CPU
		{6CC13B6D-06AE-4D0B-94B9-494127A62D63}.Debug|Any CPU.ActiveCfg = Debug|Any CPU
		{6CC13B6D-06AE-4D0B-94B9-494127A62D63}.Debug|Any CPU.Build.0 = Debug|Any CPU
		{6CC13B6D-06AE-4D0B-94B9-494127A62D63}.Debug|x64.ActiveCfg = Debug|Any CPU
		{6CC13B6D-06AE-4D0B-94B9-494127A62D63}.Debug|x64.Build.0 = Debug|Any CPU
		{6CC13B6D-06AE-4D0B-94B9-494127A62D63}.Debug|x86.ActiveCfg = Debug|Any CPU
		{6CC13B6D-06AE-4D0B-94B9-494127A62D63}.Debug|x86.Build.0 = Debug|Any CPU
		{6CC13B6D-06AE-4D0B-94B9-494127A62D63}.Release|Any CPU.ActiveCfg = Release|Any CPU
		{6CC13B6D-06AE-4D0B-94B9-494127A62D63}.Release|Any CPU.Build.0 = Release|Any CPU
		{6CC13B6D-06AE-4D0B-94B9-494127A62D63}.Release|x64.ActiveCfg = Release|Any CPU
		{6CC13B6D-06AE-4D0B-94B9-494127A62D63}.Release|x64.Build.0 = Release|Any CPU
		{6CC13B6D-06AE-4D0B-94B9-494127A62D63}.Release|x86.ActiveCfg = Release|Any CPU
		{6CC13B6D-06AE-4D0B-94B9-494127A62D63}.Release|x86.Build.0 = Release|Any CPU
		{B585E17E-AAFB-496E-874A-21E9427AED48}.Debug|Any CPU.ActiveCfg = Debug|Any CPU
		{B585E17E-AAFB-496E-874A-21E9427AED48}.Debug|Any CPU.Build.0 = Debug|Any CPU
		{B585E17E-AAFB-496E-874A-21E9427AED48}.Debug|x64.ActiveCfg = Debug|Any CPU
		{B585E17E-AAFB-496E-874A-21E9427AED48}.Debug|x64.Build.0 = Debug|Any CPU
		{B585E17E-AAFB-496E-874A-21E9427AED48}.Debug|x86.ActiveCfg = Debug|Any CPU
		{B585E17E-AAFB-496E-874A-21E9427AED48}.Debug|x86.Build.0 = Debug|Any CPU
		{B585E17E-AAFB-496E-874A-21E9427AED48}.Release|Any CPU.ActiveCfg = Release|Any CPU
		{B585E17E-AAFB-496E-874A-21E9427AED48}.Release|Any CPU.Build.0 = Release|Any CPU
		{B585E17E-AAFB-496E-874A-21E9427AED48}.Release|x64.ActiveCfg = Release|Any CPU
		{B585E17E-AAFB-496E-874A-21E9427AED48}.Release|x64.Build.0 = Release|Any CPU
		{B585E17E-AAFB-496E-874A-21E9427AED48}.Release|x86.ActiveCfg = Release|Any CPU
		{B585E17E-AAFB-496E-874A-21E9427AED48}.Release|x86.Build.0 = Release|Any CPU
		{BE73411A-F8BB-49BB-8BB1-3DB3B740F385}.Debug|Any CPU.ActiveCfg = Debug|Any CPU
		{BE73411A-F8BB-49BB-8BB1-3DB3B740F385}.Debug|Any CPU.Build.0 = Debug|Any CPU
		{BE73411A-F8BB-49BB-8BB1-3DB3B740F385}.Debug|x64.ActiveCfg = Debug|Any CPU
		{BE73411A-F8BB-49BB-8BB1-3DB3B740F385}.Debug|x64.Build.0 = Debug|Any CPU
		{BE73411A-F8BB-49BB-8BB1-3DB3B740F385}.Debug|x86.ActiveCfg = Debug|Any CPU
		{BE73411A-F8BB-49BB-8BB1-3DB3B740F385}.Debug|x86.Build.0 = Debug|Any CPU
		{BE73411A-F8BB-49BB-8BB1-3DB3B740F385}.Release|Any CPU.ActiveCfg = Release|Any CPU
		{BE73411A-F8BB-49BB-8BB1-3DB3B740F385}.Release|Any CPU.Build.0 = Release|Any CPU
		{BE73411A-F8BB-49BB-8BB1-3DB3B740F385}.Release|x64.ActiveCfg = Release|Any CPU
		{BE73411A-F8BB-49BB-8BB1-3DB3B740F385}.Release|x64.Build.0 = Release|Any CPU
		{BE73411A-F8BB-49BB-8BB1-3DB3B740F385}.Release|x86.ActiveCfg = Release|Any CPU
		{BE73411A-F8BB-49BB-8BB1-3DB3B740F385}.Release|x86.Build.0 = Release|Any CPU
		{9B4C1214-0D81-4917-BF1E-004334A5C1B4}.Debug|Any CPU.ActiveCfg = Debug|Any CPU
		{9B4C1214-0D81-4917-BF1E-004334A5C1B4}.Debug|Any CPU.Build.0 = Debug|Any CPU
		{9B4C1214-0D81-4917-BF1E-004334A5C1B4}.Debug|x64.ActiveCfg = Debug|Any CPU
		{9B4C1214-0D81-4917-BF1E-004334A5C1B4}.Debug|x64.Build.0 = Debug|Any CPU
		{9B4C1214-0D81-4917-BF1E-004334A5C1B4}.Debug|x86.ActiveCfg = Debug|Any CPU
		{9B4C1214-0D81-4917-BF1E-004334A5C1B4}.Debug|x86.Build.0 = Debug|Any CPU
		{9B4C1214-0D81-4917-BF1E-004334A5C1B4}.Release|Any CPU.ActiveCfg = Release|Any CPU
		{9B4C1214-0D81-4917-BF1E-004334A5C1B4}.Release|Any CPU.Build.0 = Release|Any CPU
		{9B4C1214-0D81-4917-BF1E-004334A5C1B4}.Release|x64.ActiveCfg = Release|Any CPU
		{9B4C1214-0D81-4917-BF1E-004334A5C1B4}.Release|x64.Build.0 = Release|Any CPU
		{9B4C1214-0D81-4917-BF1E-004334A5C1B4}.Release|x86.ActiveCfg = Release|Any CPU
		{9B4C1214-0D81-4917-BF1E-004334A5C1B4}.Release|x86.Build.0 = Release|Any CPU
		{C39A70EB-4086-48D8-8D0C-E8C3F6256FBE}.Debug|Any CPU.ActiveCfg = Debug|Any CPU
		{C39A70EB-4086-48D8-8D0C-E8C3F6256FBE}.Debug|Any CPU.Build.0 = Debug|Any CPU
		{C39A70EB-4086-48D8-8D0C-E8C3F6256FBE}.Debug|x64.ActiveCfg = Debug|Any CPU
		{C39A70EB-4086-48D8-8D0C-E8C3F6256FBE}.Debug|x64.Build.0 = Debug|Any CPU
		{C39A70EB-4086-48D8-8D0C-E8C3F6256FBE}.Debug|x86.ActiveCfg = Debug|Any CPU
		{C39A70EB-4086-48D8-8D0C-E8C3F6256FBE}.Debug|x86.Build.0 = Debug|Any CPU
		{C39A70EB-4086-48D8-8D0C-E8C3F6256FBE}.Release|Any CPU.ActiveCfg = Release|Any CPU
		{C39A70EB-4086-48D8-8D0C-E8C3F6256FBE}.Release|Any CPU.Build.0 = Release|Any CPU
		{C39A70EB-4086-48D8-8D0C-E8C3F6256FBE}.Release|x64.ActiveCfg = Release|Any CPU
		{C39A70EB-4086-48D8-8D0C-E8C3F6256FBE}.Release|x64.Build.0 = Release|Any CPU
		{C39A70EB-4086-48D8-8D0C-E8C3F6256FBE}.Release|x86.ActiveCfg = Release|Any CPU
		{C39A70EB-4086-48D8-8D0C-E8C3F6256FBE}.Release|x86.Build.0 = Release|Any CPU
		{54A14EE3-82DC-4DDB-80A3-0B2798D686B5}.Debug|Any CPU.ActiveCfg = Debug|Any CPU
		{54A14EE3-82DC-4DDB-80A3-0B2798D686B5}.Debug|Any CPU.Build.0 = Debug|Any CPU
		{54A14EE3-82DC-4DDB-80A3-0B2798D686B5}.Debug|x64.ActiveCfg = Debug|Any CPU
		{54A14EE3-82DC-4DDB-80A3-0B2798D686B5}.Debug|x64.Build.0 = Debug|Any CPU
		{54A14EE3-82DC-4DDB-80A3-0B2798D686B5}.Debug|x86.ActiveCfg = Debug|Any CPU
		{54A14EE3-82DC-4DDB-80A3-0B2798D686B5}.Debug|x86.Build.0 = Debug|Any CPU
		{54A14EE3-82DC-4DDB-80A3-0B2798D686B5}.Release|Any CPU.ActiveCfg = Release|Any CPU
		{54A14EE3-82DC-4DDB-80A3-0B2798D686B5}.Release|Any CPU.Build.0 = Release|Any CPU
		{54A14EE3-82DC-4DDB-80A3-0B2798D686B5}.Release|x64.ActiveCfg = Release|Any CPU
		{54A14EE3-82DC-4DDB-80A3-0B2798D686B5}.Release|x64.Build.0 = Release|Any CPU
		{54A14EE3-82DC-4DDB-80A3-0B2798D686B5}.Release|x86.ActiveCfg = Release|Any CPU
		{54A14EE3-82DC-4DDB-80A3-0B2798D686B5}.Release|x86.Build.0 = Release|Any CPU
		{63A61B0D-E434-4B88-867F-9F49CCCA090E}.Debug|Any CPU.ActiveCfg = Debug|Any CPU
		{63A61B0D-E434-4B88-867F-9F49CCCA090E}.Debug|Any CPU.Build.0 = Debug|Any CPU
		{63A61B0D-E434-4B88-867F-9F49CCCA090E}.Debug|x64.ActiveCfg = Debug|Any CPU
		{63A61B0D-E434-4B88-867F-9F49CCCA090E}.Debug|x64.Build.0 = Debug|Any CPU
		{63A61B0D-E434-4B88-867F-9F49CCCA090E}.Debug|x86.ActiveCfg = Debug|Any CPU
		{63A61B0D-E434-4B88-867F-9F49CCCA090E}.Debug|x86.Build.0 = Debug|Any CPU
		{63A61B0D-E434-4B88-867F-9F49CCCA090E}.Release|Any CPU.ActiveCfg = Release|Any CPU
		{63A61B0D-E434-4B88-867F-9F49CCCA090E}.Release|Any CPU.Build.0 = Release|Any CPU
		{63A61B0D-E434-4B88-867F-9F49CCCA090E}.Release|x64.ActiveCfg = Release|Any CPU
		{63A61B0D-E434-4B88-867F-9F49CCCA090E}.Release|x64.Build.0 = Release|Any CPU
		{63A61B0D-E434-4B88-867F-9F49CCCA090E}.Release|x86.ActiveCfg = Release|Any CPU
		{63A61B0D-E434-4B88-867F-9F49CCCA090E}.Release|x86.Build.0 = Release|Any CPU
		{B1C0E10A-6F0E-47DB-BF08-C6776847A338}.Debug|Any CPU.ActiveCfg = Debug|Any CPU
		{B1C0E10A-6F0E-47DB-BF08-C6776847A338}.Debug|Any CPU.Build.0 = Debug|Any CPU
		{B1C0E10A-6F0E-47DB-BF08-C6776847A338}.Debug|x64.ActiveCfg = Debug|Any CPU
		{B1C0E10A-6F0E-47DB-BF08-C6776847A338}.Debug|x64.Build.0 = Debug|Any CPU
		{B1C0E10A-6F0E-47DB-BF08-C6776847A338}.Debug|x86.ActiveCfg = Debug|Any CPU
		{B1C0E10A-6F0E-47DB-BF08-C6776847A338}.Debug|x86.Build.0 = Debug|Any CPU
		{B1C0E10A-6F0E-47DB-BF08-C6776847A338}.Release|Any CPU.ActiveCfg = Release|Any CPU
		{B1C0E10A-6F0E-47DB-BF08-C6776847A338}.Release|Any CPU.Build.0 = Release|Any CPU
		{B1C0E10A-6F0E-47DB-BF08-C6776847A338}.Release|x64.ActiveCfg = Release|Any CPU
		{B1C0E10A-6F0E-47DB-BF08-C6776847A338}.Release|x64.Build.0 = Release|Any CPU
		{B1C0E10A-6F0E-47DB-BF08-C6776847A338}.Release|x86.ActiveCfg = Release|Any CPU
		{B1C0E10A-6F0E-47DB-BF08-C6776847A338}.Release|x86.Build.0 = Release|Any CPU
		{DC25001C-597B-435E-8BAB-CC5E0D9EC6FF}.Debug|Any CPU.ActiveCfg = Debug|Any CPU
		{DC25001C-597B-435E-8BAB-CC5E0D9EC6FF}.Debug|Any CPU.Build.0 = Debug|Any CPU
		{DC25001C-597B-435E-8BAB-CC5E0D9EC6FF}.Debug|x64.ActiveCfg = Debug|Any CPU
		{DC25001C-597B-435E-8BAB-CC5E0D9EC6FF}.Debug|x64.Build.0 = Debug|Any CPU
		{DC25001C-597B-435E-8BAB-CC5E0D9EC6FF}.Debug|x86.ActiveCfg = Debug|Any CPU
		{DC25001C-597B-435E-8BAB-CC5E0D9EC6FF}.Debug|x86.Build.0 = Debug|Any CPU
		{DC25001C-597B-435E-8BAB-CC5E0D9EC6FF}.Release|Any CPU.ActiveCfg = Release|Any CPU
		{DC25001C-597B-435E-8BAB-CC5E0D9EC6FF}.Release|Any CPU.Build.0 = Release|Any CPU
		{DC25001C-597B-435E-8BAB-CC5E0D9EC6FF}.Release|x64.ActiveCfg = Release|Any CPU
		{DC25001C-597B-435E-8BAB-CC5E0D9EC6FF}.Release|x64.Build.0 = Release|Any CPU
		{DC25001C-597B-435E-8BAB-CC5E0D9EC6FF}.Release|x86.ActiveCfg = Release|Any CPU
		{DC25001C-597B-435E-8BAB-CC5E0D9EC6FF}.Release|x86.Build.0 = Release|Any CPU
		{58B48CE4-A5F7-474D-B7BB-21025C363695}.Debug|Any CPU.ActiveCfg = Debug|Any CPU
		{58B48CE4-A5F7-474D-B7BB-21025C363695}.Debug|Any CPU.Build.0 = Debug|Any CPU
		{58B48CE4-A5F7-474D-B7BB-21025C363695}.Debug|x64.ActiveCfg = Debug|Any CPU
		{58B48CE4-A5F7-474D-B7BB-21025C363695}.Debug|x64.Build.0 = Debug|Any CPU
		{58B48CE4-A5F7-474D-B7BB-21025C363695}.Debug|x86.ActiveCfg = Debug|Any CPU
		{58B48CE4-A5F7-474D-B7BB-21025C363695}.Debug|x86.Build.0 = Debug|Any CPU
		{58B48CE4-A5F7-474D-B7BB-21025C363695}.Release|Any CPU.ActiveCfg = Release|Any CPU
		{58B48CE4-A5F7-474D-B7BB-21025C363695}.Release|Any CPU.Build.0 = Release|Any CPU
		{58B48CE4-A5F7-474D-B7BB-21025C363695}.Release|x64.ActiveCfg = Release|Any CPU
		{58B48CE4-A5F7-474D-B7BB-21025C363695}.Release|x64.Build.0 = Release|Any CPU
		{58B48CE4-A5F7-474D-B7BB-21025C363695}.Release|x86.ActiveCfg = Release|Any CPU
		{58B48CE4-A5F7-474D-B7BB-21025C363695}.Release|x86.Build.0 = Release|Any CPU
		{A4CD1DA7-30F8-4895-9F5D-327F6BDE90C8}.Debug|Any CPU.ActiveCfg = Debug|Any CPU
		{A4CD1DA7-30F8-4895-9F5D-327F6BDE90C8}.Debug|Any CPU.Build.0 = Debug|Any CPU
		{A4CD1DA7-30F8-4895-9F5D-327F6BDE90C8}.Debug|x64.ActiveCfg = Debug|Any CPU
		{A4CD1DA7-30F8-4895-9F5D-327F6BDE90C8}.Debug|x64.Build.0 = Debug|Any CPU
		{A4CD1DA7-30F8-4895-9F5D-327F6BDE90C8}.Debug|x86.ActiveCfg = Debug|Any CPU
		{A4CD1DA7-30F8-4895-9F5D-327F6BDE90C8}.Debug|x86.Build.0 = Debug|Any CPU
		{A4CD1DA7-30F8-4895-9F5D-327F6BDE90C8}.Release|Any CPU.ActiveCfg = Release|Any CPU
		{A4CD1DA7-30F8-4895-9F5D-327F6BDE90C8}.Release|Any CPU.Build.0 = Release|Any CPU
		{A4CD1DA7-30F8-4895-9F5D-327F6BDE90C8}.Release|x64.ActiveCfg = Release|Any CPU
		{A4CD1DA7-30F8-4895-9F5D-327F6BDE90C8}.Release|x64.Build.0 = Release|Any CPU
		{A4CD1DA7-30F8-4895-9F5D-327F6BDE90C8}.Release|x86.ActiveCfg = Release|Any CPU
		{A4CD1DA7-30F8-4895-9F5D-327F6BDE90C8}.Release|x86.Build.0 = Release|Any CPU
		{5F44E6FA-B5DB-4C53-9A72-E76974EAC71C}.Debug|Any CPU.ActiveCfg = Debug|Any CPU
		{5F44E6FA-B5DB-4C53-9A72-E76974EAC71C}.Debug|Any CPU.Build.0 = Debug|Any CPU
		{5F44E6FA-B5DB-4C53-9A72-E76974EAC71C}.Debug|x64.ActiveCfg = Debug|Any CPU
		{5F44E6FA-B5DB-4C53-9A72-E76974EAC71C}.Debug|x64.Build.0 = Debug|Any CPU
		{5F44E6FA-B5DB-4C53-9A72-E76974EAC71C}.Debug|x86.ActiveCfg = Debug|Any CPU
		{5F44E6FA-B5DB-4C53-9A72-E76974EAC71C}.Debug|x86.Build.0 = Debug|Any CPU
		{5F44E6FA-B5DB-4C53-9A72-E76974EAC71C}.Release|Any CPU.ActiveCfg = Release|Any CPU
		{5F44E6FA-B5DB-4C53-9A72-E76974EAC71C}.Release|Any CPU.Build.0 = Release|Any CPU
		{5F44E6FA-B5DB-4C53-9A72-E76974EAC71C}.Release|x64.ActiveCfg = Release|Any CPU
		{5F44E6FA-B5DB-4C53-9A72-E76974EAC71C}.Release|x64.Build.0 = Release|Any CPU
		{5F44E6FA-B5DB-4C53-9A72-E76974EAC71C}.Release|x86.ActiveCfg = Release|Any CPU
		{5F44E6FA-B5DB-4C53-9A72-E76974EAC71C}.Release|x86.Build.0 = Release|Any CPU
		{31FB4972-EA06-4B28-A363-82707D21EEDA}.Debug|Any CPU.ActiveCfg = Debug|Any CPU
		{31FB4972-EA06-4B28-A363-82707D21EEDA}.Debug|Any CPU.Build.0 = Debug|Any CPU
		{31FB4972-EA06-4B28-A363-82707D21EEDA}.Debug|x64.ActiveCfg = Debug|Any CPU
		{31FB4972-EA06-4B28-A363-82707D21EEDA}.Debug|x64.Build.0 = Debug|Any CPU
		{31FB4972-EA06-4B28-A363-82707D21EEDA}.Debug|x86.ActiveCfg = Debug|Any CPU
		{31FB4972-EA06-4B28-A363-82707D21EEDA}.Debug|x86.Build.0 = Debug|Any CPU
		{31FB4972-EA06-4B28-A363-82707D21EEDA}.Release|Any CPU.ActiveCfg = Release|Any CPU
		{31FB4972-EA06-4B28-A363-82707D21EEDA}.Release|Any CPU.Build.0 = Release|Any CPU
		{31FB4972-EA06-4B28-A363-82707D21EEDA}.Release|x64.ActiveCfg = Release|Any CPU
		{31FB4972-EA06-4B28-A363-82707D21EEDA}.Release|x64.Build.0 = Release|Any CPU
		{31FB4972-EA06-4B28-A363-82707D21EEDA}.Release|x86.ActiveCfg = Release|Any CPU
		{31FB4972-EA06-4B28-A363-82707D21EEDA}.Release|x86.Build.0 = Release|Any CPU
		{9BEC2B5B-897A-49ED-8115-6F90244C9803}.Debug|Any CPU.ActiveCfg = Debug|Any CPU
		{9BEC2B5B-897A-49ED-8115-6F90244C9803}.Debug|Any CPU.Build.0 = Debug|Any CPU
		{9BEC2B5B-897A-49ED-8115-6F90244C9803}.Debug|x64.ActiveCfg = Debug|Any CPU
		{9BEC2B5B-897A-49ED-8115-6F90244C9803}.Debug|x64.Build.0 = Debug|Any CPU
		{9BEC2B5B-897A-49ED-8115-6F90244C9803}.Debug|x86.ActiveCfg = Debug|Any CPU
		{9BEC2B5B-897A-49ED-8115-6F90244C9803}.Debug|x86.Build.0 = Debug|Any CPU
		{9BEC2B5B-897A-49ED-8115-6F90244C9803}.Release|Any CPU.ActiveCfg = Release|Any CPU
		{9BEC2B5B-897A-49ED-8115-6F90244C9803}.Release|Any CPU.Build.0 = Release|Any CPU
		{9BEC2B5B-897A-49ED-8115-6F90244C9803}.Release|x64.ActiveCfg = Release|Any CPU
		{9BEC2B5B-897A-49ED-8115-6F90244C9803}.Release|x64.Build.0 = Release|Any CPU
		{9BEC2B5B-897A-49ED-8115-6F90244C9803}.Release|x86.ActiveCfg = Release|Any CPU
		{9BEC2B5B-897A-49ED-8115-6F90244C9803}.Release|x86.Build.0 = Release|Any CPU
		{6ED19806-D1F5-428E-B1F9-516B400DBB12}.Debug|Any CPU.ActiveCfg = Debug|Any CPU
		{6ED19806-D1F5-428E-B1F9-516B400DBB12}.Debug|Any CPU.Build.0 = Debug|Any CPU
		{6ED19806-D1F5-428E-B1F9-516B400DBB12}.Debug|x64.ActiveCfg = Debug|Any CPU
		{6ED19806-D1F5-428E-B1F9-516B400DBB12}.Debug|x64.Build.0 = Debug|Any CPU
		{6ED19806-D1F5-428E-B1F9-516B400DBB12}.Debug|x86.ActiveCfg = Debug|Any CPU
		{6ED19806-D1F5-428E-B1F9-516B400DBB12}.Debug|x86.Build.0 = Debug|Any CPU
		{6ED19806-D1F5-428E-B1F9-516B400DBB12}.Release|Any CPU.ActiveCfg = Release|Any CPU
		{6ED19806-D1F5-428E-B1F9-516B400DBB12}.Release|Any CPU.Build.0 = Release|Any CPU
		{6ED19806-D1F5-428E-B1F9-516B400DBB12}.Release|x64.ActiveCfg = Release|Any CPU
		{6ED19806-D1F5-428E-B1F9-516B400DBB12}.Release|x64.Build.0 = Release|Any CPU
		{6ED19806-D1F5-428E-B1F9-516B400DBB12}.Release|x86.ActiveCfg = Release|Any CPU
		{6ED19806-D1F5-428E-B1F9-516B400DBB12}.Release|x86.Build.0 = Release|Any CPU
		{F3A15926-6864-48DC-9748-7F42B256207D}.Debug|Any CPU.ActiveCfg = Debug|Any CPU
		{F3A15926-6864-48DC-9748-7F42B256207D}.Debug|Any CPU.Build.0 = Debug|Any CPU
		{F3A15926-6864-48DC-9748-7F42B256207D}.Debug|x64.ActiveCfg = Debug|Any CPU
		{F3A15926-6864-48DC-9748-7F42B256207D}.Debug|x64.Build.0 = Debug|Any CPU
		{F3A15926-6864-48DC-9748-7F42B256207D}.Debug|x86.ActiveCfg = Debug|Any CPU
		{F3A15926-6864-48DC-9748-7F42B256207D}.Debug|x86.Build.0 = Debug|Any CPU
		{F3A15926-6864-48DC-9748-7F42B256207D}.Release|Any CPU.ActiveCfg = Release|Any CPU
		{F3A15926-6864-48DC-9748-7F42B256207D}.Release|Any CPU.Build.0 = Release|Any CPU
		{F3A15926-6864-48DC-9748-7F42B256207D}.Release|x64.ActiveCfg = Release|Any CPU
		{F3A15926-6864-48DC-9748-7F42B256207D}.Release|x64.Build.0 = Release|Any CPU
		{F3A15926-6864-48DC-9748-7F42B256207D}.Release|x86.ActiveCfg = Release|Any CPU
		{F3A15926-6864-48DC-9748-7F42B256207D}.Release|x86.Build.0 = Release|Any CPU
		{12582B75-B5CB-4524-8861-5BAF907CE649}.Debug|Any CPU.ActiveCfg = Debug|Any CPU
		{12582B75-B5CB-4524-8861-5BAF907CE649}.Debug|Any CPU.Build.0 = Debug|Any CPU
		{12582B75-B5CB-4524-8861-5BAF907CE649}.Debug|x64.ActiveCfg = Debug|Any CPU
		{12582B75-B5CB-4524-8861-5BAF907CE649}.Debug|x64.Build.0 = Debug|Any CPU
		{12582B75-B5CB-4524-8861-5BAF907CE649}.Debug|x86.ActiveCfg = Debug|Any CPU
		{12582B75-B5CB-4524-8861-5BAF907CE649}.Debug|x86.Build.0 = Debug|Any CPU
		{12582B75-B5CB-4524-8861-5BAF907CE649}.Release|Any CPU.ActiveCfg = Release|Any CPU
		{12582B75-B5CB-4524-8861-5BAF907CE649}.Release|Any CPU.Build.0 = Release|Any CPU
		{12582B75-B5CB-4524-8861-5BAF907CE649}.Release|x64.ActiveCfg = Release|Any CPU
		{12582B75-B5CB-4524-8861-5BAF907CE649}.Release|x64.Build.0 = Release|Any CPU
		{12582B75-B5CB-4524-8861-5BAF907CE649}.Release|x86.ActiveCfg = Release|Any CPU
		{12582B75-B5CB-4524-8861-5BAF907CE649}.Release|x86.Build.0 = Release|Any CPU
		{CE0849E2-90F1-4CAB-8E29-96CEAB288A23}.Debug|Any CPU.ActiveCfg = Debug|Any CPU
		{CE0849E2-90F1-4CAB-8E29-96CEAB288A23}.Debug|Any CPU.Build.0 = Debug|Any CPU
		{CE0849E2-90F1-4CAB-8E29-96CEAB288A23}.Debug|x64.ActiveCfg = Debug|Any CPU
		{CE0849E2-90F1-4CAB-8E29-96CEAB288A23}.Debug|x64.Build.0 = Debug|Any CPU
		{CE0849E2-90F1-4CAB-8E29-96CEAB288A23}.Debug|x86.ActiveCfg = Debug|Any CPU
		{CE0849E2-90F1-4CAB-8E29-96CEAB288A23}.Debug|x86.Build.0 = Debug|Any CPU
		{CE0849E2-90F1-4CAB-8E29-96CEAB288A23}.Release|Any CPU.ActiveCfg = Release|Any CPU
		{CE0849E2-90F1-4CAB-8E29-96CEAB288A23}.Release|Any CPU.Build.0 = Release|Any CPU
		{CE0849E2-90F1-4CAB-8E29-96CEAB288A23}.Release|x64.ActiveCfg = Release|Any CPU
		{CE0849E2-90F1-4CAB-8E29-96CEAB288A23}.Release|x64.Build.0 = Release|Any CPU
		{CE0849E2-90F1-4CAB-8E29-96CEAB288A23}.Release|x86.ActiveCfg = Release|Any CPU
		{CE0849E2-90F1-4CAB-8E29-96CEAB288A23}.Release|x86.Build.0 = Release|Any CPU
		{82CB3AA1-CCF7-4679-B4CE-5C2F193A7D34}.Debug|Any CPU.ActiveCfg = Debug|Any CPU
		{82CB3AA1-CCF7-4679-B4CE-5C2F193A7D34}.Debug|Any CPU.Build.0 = Debug|Any CPU
		{82CB3AA1-CCF7-4679-B4CE-5C2F193A7D34}.Debug|x64.ActiveCfg = Debug|Any CPU
		{82CB3AA1-CCF7-4679-B4CE-5C2F193A7D34}.Debug|x64.Build.0 = Debug|Any CPU
		{82CB3AA1-CCF7-4679-B4CE-5C2F193A7D34}.Debug|x86.ActiveCfg = Debug|Any CPU
		{82CB3AA1-CCF7-4679-B4CE-5C2F193A7D34}.Debug|x86.Build.0 = Debug|Any CPU
		{82CB3AA1-CCF7-4679-B4CE-5C2F193A7D34}.Release|Any CPU.ActiveCfg = Release|Any CPU
		{82CB3AA1-CCF7-4679-B4CE-5C2F193A7D34}.Release|Any CPU.Build.0 = Release|Any CPU
		{82CB3AA1-CCF7-4679-B4CE-5C2F193A7D34}.Release|x64.ActiveCfg = Release|Any CPU
		{82CB3AA1-CCF7-4679-B4CE-5C2F193A7D34}.Release|x64.Build.0 = Release|Any CPU
		{82CB3AA1-CCF7-4679-B4CE-5C2F193A7D34}.Release|x86.ActiveCfg = Release|Any CPU
		{82CB3AA1-CCF7-4679-B4CE-5C2F193A7D34}.Release|x86.Build.0 = Release|Any CPU
		{12F38116-8D9F-40E6-BC40-E8B896A5569A}.Debug|Any CPU.ActiveCfg = Debug|Any CPU
		{12F38116-8D9F-40E6-BC40-E8B896A5569A}.Debug|Any CPU.Build.0 = Debug|Any CPU
		{12F38116-8D9F-40E6-BC40-E8B896A5569A}.Debug|x64.ActiveCfg = Debug|Any CPU
		{12F38116-8D9F-40E6-BC40-E8B896A5569A}.Debug|x64.Build.0 = Debug|Any CPU
		{12F38116-8D9F-40E6-BC40-E8B896A5569A}.Debug|x86.ActiveCfg = Debug|Any CPU
		{12F38116-8D9F-40E6-BC40-E8B896A5569A}.Debug|x86.Build.0 = Debug|Any CPU
		{12F38116-8D9F-40E6-BC40-E8B896A5569A}.Release|Any CPU.ActiveCfg = Release|Any CPU
		{12F38116-8D9F-40E6-BC40-E8B896A5569A}.Release|Any CPU.Build.0 = Release|Any CPU
		{12F38116-8D9F-40E6-BC40-E8B896A5569A}.Release|x64.ActiveCfg = Release|Any CPU
		{12F38116-8D9F-40E6-BC40-E8B896A5569A}.Release|x64.Build.0 = Release|Any CPU
		{12F38116-8D9F-40E6-BC40-E8B896A5569A}.Release|x86.ActiveCfg = Release|Any CPU
		{12F38116-8D9F-40E6-BC40-E8B896A5569A}.Release|x86.Build.0 = Release|Any CPU
		{EA57CF6E-9B33-41B7-9AF7-F33BF4F13CD1}.Debug|Any CPU.ActiveCfg = Debug|Any CPU
		{EA57CF6E-9B33-41B7-9AF7-F33BF4F13CD1}.Debug|Any CPU.Build.0 = Debug|Any CPU
		{EA57CF6E-9B33-41B7-9AF7-F33BF4F13CD1}.Debug|x64.ActiveCfg = Debug|Any CPU
		{EA57CF6E-9B33-41B7-9AF7-F33BF4F13CD1}.Debug|x64.Build.0 = Debug|Any CPU
		{EA57CF6E-9B33-41B7-9AF7-F33BF4F13CD1}.Debug|x86.ActiveCfg = Debug|Any CPU
		{EA57CF6E-9B33-41B7-9AF7-F33BF4F13CD1}.Debug|x86.Build.0 = Debug|Any CPU
		{EA57CF6E-9B33-41B7-9AF7-F33BF4F13CD1}.Release|Any CPU.ActiveCfg = Release|Any CPU
		{EA57CF6E-9B33-41B7-9AF7-F33BF4F13CD1}.Release|Any CPU.Build.0 = Release|Any CPU
		{EA57CF6E-9B33-41B7-9AF7-F33BF4F13CD1}.Release|x64.ActiveCfg = Release|Any CPU
		{EA57CF6E-9B33-41B7-9AF7-F33BF4F13CD1}.Release|x64.Build.0 = Release|Any CPU
		{EA57CF6E-9B33-41B7-9AF7-F33BF4F13CD1}.Release|x86.ActiveCfg = Release|Any CPU
		{EA57CF6E-9B33-41B7-9AF7-F33BF4F13CD1}.Release|x86.Build.0 = Release|Any CPU
		{212B522C-B6EC-41C3-8B9B-BD617E5B83C2}.Debug|Any CPU.ActiveCfg = Debug|Any CPU
		{212B522C-B6EC-41C3-8B9B-BD617E5B83C2}.Debug|Any CPU.Build.0 = Debug|Any CPU
		{212B522C-B6EC-41C3-8B9B-BD617E5B83C2}.Debug|x64.ActiveCfg = Debug|Any CPU
		{212B522C-B6EC-41C3-8B9B-BD617E5B83C2}.Debug|x64.Build.0 = Debug|Any CPU
		{212B522C-B6EC-41C3-8B9B-BD617E5B83C2}.Debug|x86.ActiveCfg = Debug|Any CPU
		{212B522C-B6EC-41C3-8B9B-BD617E5B83C2}.Debug|x86.Build.0 = Debug|Any CPU
		{212B522C-B6EC-41C3-8B9B-BD617E5B83C2}.Release|Any CPU.ActiveCfg = Release|Any CPU
		{212B522C-B6EC-41C3-8B9B-BD617E5B83C2}.Release|Any CPU.Build.0 = Release|Any CPU
		{212B522C-B6EC-41C3-8B9B-BD617E5B83C2}.Release|x64.ActiveCfg = Release|Any CPU
		{212B522C-B6EC-41C3-8B9B-BD617E5B83C2}.Release|x64.Build.0 = Release|Any CPU
		{212B522C-B6EC-41C3-8B9B-BD617E5B83C2}.Release|x86.ActiveCfg = Release|Any CPU
		{212B522C-B6EC-41C3-8B9B-BD617E5B83C2}.Release|x86.Build.0 = Release|Any CPU
		{1B3943CB-2028-4637-9E6B-F5AFC90CF096}.Debug|Any CPU.ActiveCfg = Debug|Any CPU
		{1B3943CB-2028-4637-9E6B-F5AFC90CF096}.Debug|Any CPU.Build.0 = Debug|Any CPU
		{1B3943CB-2028-4637-9E6B-F5AFC90CF096}.Debug|x64.ActiveCfg = Debug|Any CPU
		{1B3943CB-2028-4637-9E6B-F5AFC90CF096}.Debug|x64.Build.0 = Debug|Any CPU
		{1B3943CB-2028-4637-9E6B-F5AFC90CF096}.Debug|x86.ActiveCfg = Debug|Any CPU
		{1B3943CB-2028-4637-9E6B-F5AFC90CF096}.Debug|x86.Build.0 = Debug|Any CPU
		{1B3943CB-2028-4637-9E6B-F5AFC90CF096}.Release|Any CPU.ActiveCfg = Release|Any CPU
		{1B3943CB-2028-4637-9E6B-F5AFC90CF096}.Release|Any CPU.Build.0 = Release|Any CPU
		{1B3943CB-2028-4637-9E6B-F5AFC90CF096}.Release|x64.ActiveCfg = Release|Any CPU
		{1B3943CB-2028-4637-9E6B-F5AFC90CF096}.Release|x64.Build.0 = Release|Any CPU
		{1B3943CB-2028-4637-9E6B-F5AFC90CF096}.Release|x86.ActiveCfg = Release|Any CPU
		{1B3943CB-2028-4637-9E6B-F5AFC90CF096}.Release|x86.Build.0 = Release|Any CPU
		{0356B2D3-B6DC-4C75-B964-CBCDAB21C046}.Debug|Any CPU.ActiveCfg = Debug|Any CPU
		{0356B2D3-B6DC-4C75-B964-CBCDAB21C046}.Debug|Any CPU.Build.0 = Debug|Any CPU
		{0356B2D3-B6DC-4C75-B964-CBCDAB21C046}.Debug|x64.ActiveCfg = Debug|Any CPU
		{0356B2D3-B6DC-4C75-B964-CBCDAB21C046}.Debug|x64.Build.0 = Debug|Any CPU
		{0356B2D3-B6DC-4C75-B964-CBCDAB21C046}.Debug|x86.ActiveCfg = Debug|Any CPU
		{0356B2D3-B6DC-4C75-B964-CBCDAB21C046}.Debug|x86.Build.0 = Debug|Any CPU
		{0356B2D3-B6DC-4C75-B964-CBCDAB21C046}.Release|Any CPU.ActiveCfg = Release|Any CPU
		{0356B2D3-B6DC-4C75-B964-CBCDAB21C046}.Release|Any CPU.Build.0 = Release|Any CPU
		{0356B2D3-B6DC-4C75-B964-CBCDAB21C046}.Release|x64.ActiveCfg = Release|Any CPU
		{0356B2D3-B6DC-4C75-B964-CBCDAB21C046}.Release|x64.Build.0 = Release|Any CPU
		{0356B2D3-B6DC-4C75-B964-CBCDAB21C046}.Release|x86.ActiveCfg = Release|Any CPU
		{0356B2D3-B6DC-4C75-B964-CBCDAB21C046}.Release|x86.Build.0 = Release|Any CPU
		{F091D8FC-9348-4C50-BA2E-D1276AB25081}.Debug|Any CPU.ActiveCfg = Debug|Any CPU
		{F091D8FC-9348-4C50-BA2E-D1276AB25081}.Debug|Any CPU.Build.0 = Debug|Any CPU
		{F091D8FC-9348-4C50-BA2E-D1276AB25081}.Debug|x64.ActiveCfg = Debug|Any CPU
		{F091D8FC-9348-4C50-BA2E-D1276AB25081}.Debug|x64.Build.0 = Debug|Any CPU
		{F091D8FC-9348-4C50-BA2E-D1276AB25081}.Debug|x86.ActiveCfg = Debug|Any CPU
		{F091D8FC-9348-4C50-BA2E-D1276AB25081}.Debug|x86.Build.0 = Debug|Any CPU
		{F091D8FC-9348-4C50-BA2E-D1276AB25081}.Release|Any CPU.ActiveCfg = Release|Any CPU
		{F091D8FC-9348-4C50-BA2E-D1276AB25081}.Release|Any CPU.Build.0 = Release|Any CPU
		{F091D8FC-9348-4C50-BA2E-D1276AB25081}.Release|x64.ActiveCfg = Release|Any CPU
		{F091D8FC-9348-4C50-BA2E-D1276AB25081}.Release|x64.Build.0 = Release|Any CPU
		{F091D8FC-9348-4C50-BA2E-D1276AB25081}.Release|x86.ActiveCfg = Release|Any CPU
		{F091D8FC-9348-4C50-BA2E-D1276AB25081}.Release|x86.Build.0 = Release|Any CPU
		{3D88488E-1258-48BC-8F15-4FFBBCC5DF00}.Debug|Any CPU.ActiveCfg = Debug|Any CPU
		{3D88488E-1258-48BC-8F15-4FFBBCC5DF00}.Debug|Any CPU.Build.0 = Debug|Any CPU
		{3D88488E-1258-48BC-8F15-4FFBBCC5DF00}.Debug|x64.ActiveCfg = Debug|Any CPU
		{3D88488E-1258-48BC-8F15-4FFBBCC5DF00}.Debug|x64.Build.0 = Debug|Any CPU
		{3D88488E-1258-48BC-8F15-4FFBBCC5DF00}.Debug|x86.ActiveCfg = Debug|Any CPU
		{3D88488E-1258-48BC-8F15-4FFBBCC5DF00}.Debug|x86.Build.0 = Debug|Any CPU
		{3D88488E-1258-48BC-8F15-4FFBBCC5DF00}.Release|Any CPU.ActiveCfg = Release|Any CPU
		{3D88488E-1258-48BC-8F15-4FFBBCC5DF00}.Release|Any CPU.Build.0 = Release|Any CPU
		{3D88488E-1258-48BC-8F15-4FFBBCC5DF00}.Release|x64.ActiveCfg = Release|Any CPU
		{3D88488E-1258-48BC-8F15-4FFBBCC5DF00}.Release|x64.Build.0 = Release|Any CPU
		{3D88488E-1258-48BC-8F15-4FFBBCC5DF00}.Release|x86.ActiveCfg = Release|Any CPU
		{3D88488E-1258-48BC-8F15-4FFBBCC5DF00}.Release|x86.Build.0 = Release|Any CPU
	EndGlobalSection
	GlobalSection(SolutionProperties) = preSolution
		HideSolutionNode = FALSE
	EndGlobalSection
	GlobalSection(ExtensibilityGlobals) = postSolution
		SolutionGuid = {4EAC08CC-88F4-4E10-BD52-2C530F4D9E4C}
	EndGlobalSection
EndGlobal
