
Microsoft Visual Studio Solution File, Format Version 12.00
# Visual Studio Version 16
VisualStudioVersion = 16.0.30413.136
MinimumVisualStudioVersion = 10.0.40219.1
Project("{9A19103F-16F7-4668-BE54-9A1E7A4F7556}") = "Server", "Server.csproj", "{6EF35380-695D-4359-B981-31A1917C34D4}"
EndProject
Project("{9A19103F-16F7-4668-BE54-9A1E7A4F7556}") = "Model", "..\Model\Model.csproj", "{8BE7F452-568A-47EE-8644-8E4347C3226F}"
EndProject
Project("{9A19103F-16F7-4668-BE54-9A1E7A4F7556}") = "CityRunServerRouteApp", "..\CityRunServerRouteApp\CityRunServerRouteApp.csproj", "{6CC13B6D-06AE-4D0B-94B9-494127A62D63}"
EndProject
Project("{9A19103F-16F7-4668-BE54-9A1E7A4F7556}") = "CityRunFunction", "..\CityRunFunction\CityRunFunction.csproj", "{B585E17E-AAFB-496E-874A-21E9427AED48}"
EndProject
Project("{2150E333-8FDC-42A3-9474-1A3956D46DE8}") = "WebF", "WebF", "{B96DEDD9-26E3-4359-A983-148EBD7FAAA0}"
EndProject
Project("{E24C65DC-7377-472B-9ABA-BC803B73C61A}") = "webHtml", "..\WebApp\webHtml\", "{6881C6EB-9EE7-4359-9335-FA304C36512D}"
	ProjectSection(WebsiteProperties) = preProject
		TargetFrameworkMoniker = ".NETFramework,Version%3Dv4.0"
		Debug.AspNetCompiler.VirtualPath = "/localhost_20429"
		Debug.AspNetCompiler.PhysicalPath = "..\WebApp\webHtml\"
		Debug.AspNetCompiler.TargetPath = "PrecompiledWeb\localhost_20429\"
		Debug.AspNetCompiler.Updateable = "true"
		Debug.AspNetCompiler.ForceOverwrite = "true"
		Debug.AspNetCompiler.FixedNames = "false"
		Debug.AspNetCompiler.Debug = "True"
		Release.AspNetCompiler.VirtualPath = "/localhost_20429"
		Release.AspNetCompiler.PhysicalPath = "..\WebApp\webHtml\"
		Release.AspNetCompiler.TargetPath = "PrecompiledWeb\localhost_20429\"
		Release.AspNetCompiler.Updateable = "true"
		Release.AspNetCompiler.ForceOverwrite = "true"
		Release.AspNetCompiler.FixedNames = "false"
		Release.AspNetCompiler.Debug = "False"
		VWDPort = "20429"
		SlnRelativePath = "..\WebApp\webHtml\"
	EndProjectSection
EndProject
Project("{9A19103F-16F7-4668-BE54-9A1E7A4F7556}") = "Geometry", "..\Geometry\Geometry.csproj", "{BE73411A-F8BB-49BB-8BB1-3DB3B740F385}"
EndProject
Project("{9A19103F-16F7-4668-BE54-9A1E7A4F7556}") = "HouseManager", "..\HouseManager\HouseManager.csproj", "{9BFDC0B6-C3BC-47C5-8EA7-523DA009A41B}"
EndProject
Project("{9A19103F-16F7-4668-BE54-9A1E7A4F7556}") = "MateWsAndHouse", "..\MateWsAndHouse\MateWsAndHouse.csproj", "{9B4C1214-0D81-4917-BF1E-004334A5C1B4}"
EndProject
Project("{9A19103F-16F7-4668-BE54-9A1E7A4F7556}") = "WsOfWebClient", "..\WsOfWebClient\WsOfWebClient.csproj", "{C39A70EB-4086-48D8-8D0C-E8C3F6256FBE}"
EndProject
Project("{9A19103F-16F7-4668-BE54-9A1E7A4F7556}") = "FileUpload", "..\FileUpload\FileUpload.csproj", "{54A14EE3-82DC-4DDB-80A3-0B2798D686B5}"
EndProject
Project("{9A19103F-16F7-4668-BE54-9A1E7A4F7556}") = "CommonClass", "..\CommonClass\CommonClass.csproj", "{63A61B0D-E434-4B88-867F-9F49CCCA090E}"
EndProject
Project("{9A19103F-16F7-4668-BE54-9A1E7A4F7556}") = "ShowDemo", "..\ShowDemo\ShowDemo.csproj", "{B1C0E10A-6F0E-47DB-BF08-C6776847A338}"
EndProject
Project("{FAE04EC0-301F-11D3-BF4B-00C04F79EFBC}") = "Test_HttpClientTest", "..\Test_HttpClientTest\Test_HttpClientTest.csproj", "{DC25001C-597B-435E-8BAB-CC5E0D9EC6FF}"
EndProject
Global
	GlobalSection(SolutionConfigurationPlatforms) = preSolution
		Debug|Any CPU = Debug|Any CPU
		Release|Any CPU = Release|Any CPU
	EndGlobalSection
	GlobalSection(ProjectConfigurationPlatforms) = postSolution
		{6EF35380-695D-4359-B981-31A1917C34D4}.Debug|Any CPU.ActiveCfg = Debug|Any CPU
		{6EF35380-695D-4359-B981-31A1917C34D4}.Debug|Any CPU.Build.0 = Debug|Any CPU
		{6EF35380-695D-4359-B981-31A1917C34D4}.Release|Any CPU.ActiveCfg = Release|Any CPU
		{6EF35380-695D-4359-B981-31A1917C34D4}.Release|Any CPU.Build.0 = Release|Any CPU
		{8BE7F452-568A-47EE-8644-8E4347C3226F}.Debug|Any CPU.ActiveCfg = Debug|Any CPU
		{8BE7F452-568A-47EE-8644-8E4347C3226F}.Debug|Any CPU.Build.0 = Debug|Any CPU
		{8BE7F452-568A-47EE-8644-8E4347C3226F}.Release|Any CPU.ActiveCfg = Release|Any CPU
		{8BE7F452-568A-47EE-8644-8E4347C3226F}.Release|Any CPU.Build.0 = Release|Any CPU
		{6CC13B6D-06AE-4D0B-94B9-494127A62D63}.Debug|Any CPU.ActiveCfg = Debug|Any CPU
		{6CC13B6D-06AE-4D0B-94B9-494127A62D63}.Debug|Any CPU.Build.0 = Debug|Any CPU
		{6CC13B6D-06AE-4D0B-94B9-494127A62D63}.Release|Any CPU.ActiveCfg = Release|Any CPU
		{6CC13B6D-06AE-4D0B-94B9-494127A62D63}.Release|Any CPU.Build.0 = Release|Any CPU
		{B585E17E-AAFB-496E-874A-21E9427AED48}.Debug|Any CPU.ActiveCfg = Debug|Any CPU
		{B585E17E-AAFB-496E-874A-21E9427AED48}.Debug|Any CPU.Build.0 = Debug|Any CPU
		{B585E17E-AAFB-496E-874A-21E9427AED48}.Release|Any CPU.ActiveCfg = Release|Any CPU
		{B585E17E-AAFB-496E-874A-21E9427AED48}.Release|Any CPU.Build.0 = Release|Any CPU
		{6881C6EB-9EE7-4359-9335-FA304C36512D}.Debug|Any CPU.ActiveCfg = Debug|Any CPU
		{6881C6EB-9EE7-4359-9335-FA304C36512D}.Debug|Any CPU.Build.0 = Debug|Any CPU
		{6881C6EB-9EE7-4359-9335-FA304C36512D}.Release|Any CPU.ActiveCfg = Debug|Any CPU
		{6881C6EB-9EE7-4359-9335-FA304C36512D}.Release|Any CPU.Build.0 = Debug|Any CPU
		{BE73411A-F8BB-49BB-8BB1-3DB3B740F385}.Debug|Any CPU.ActiveCfg = Debug|Any CPU
		{BE73411A-F8BB-49BB-8BB1-3DB3B740F385}.Debug|Any CPU.Build.0 = Debug|Any CPU
		{BE73411A-F8BB-49BB-8BB1-3DB3B740F385}.Release|Any CPU.ActiveCfg = Release|Any CPU
		{BE73411A-F8BB-49BB-8BB1-3DB3B740F385}.Release|Any CPU.Build.0 = Release|Any CPU
		{9BFDC0B6-C3BC-47C5-8EA7-523DA009A41B}.Debug|Any CPU.ActiveCfg = Debug|Any CPU
		{9BFDC0B6-C3BC-47C5-8EA7-523DA009A41B}.Debug|Any CPU.Build.0 = Debug|Any CPU
		{9BFDC0B6-C3BC-47C5-8EA7-523DA009A41B}.Release|Any CPU.ActiveCfg = Release|Any CPU
		{9BFDC0B6-C3BC-47C5-8EA7-523DA009A41B}.Release|Any CPU.Build.0 = Release|Any CPU
		{9B4C1214-0D81-4917-BF1E-004334A5C1B4}.Debug|Any CPU.ActiveCfg = Debug|Any CPU
		{9B4C1214-0D81-4917-BF1E-004334A5C1B4}.Debug|Any CPU.Build.0 = Debug|Any CPU
		{9B4C1214-0D81-4917-BF1E-004334A5C1B4}.Release|Any CPU.ActiveCfg = Release|Any CPU
		{9B4C1214-0D81-4917-BF1E-004334A5C1B4}.Release|Any CPU.Build.0 = Release|Any CPU
		{C39A70EB-4086-48D8-8D0C-E8C3F6256FBE}.Debug|Any CPU.ActiveCfg = Debug|Any CPU
		{C39A70EB-4086-48D8-8D0C-E8C3F6256FBE}.Debug|Any CPU.Build.0 = Debug|Any CPU
		{C39A70EB-4086-48D8-8D0C-E8C3F6256FBE}.Release|Any CPU.ActiveCfg = Release|Any CPU
		{C39A70EB-4086-48D8-8D0C-E8C3F6256FBE}.Release|Any CPU.Build.0 = Release|Any CPU
		{54A14EE3-82DC-4DDB-80A3-0B2798D686B5}.Debug|Any CPU.ActiveCfg = Debug|Any CPU
		{54A14EE3-82DC-4DDB-80A3-0B2798D686B5}.Debug|Any CPU.Build.0 = Debug|Any CPU
		{54A14EE3-82DC-4DDB-80A3-0B2798D686B5}.Release|Any CPU.ActiveCfg = Release|Any CPU
		{54A14EE3-82DC-4DDB-80A3-0B2798D686B5}.Release|Any CPU.Build.0 = Release|Any CPU
		{63A61B0D-E434-4B88-867F-9F49CCCA090E}.Debug|Any CPU.ActiveCfg = Debug|Any CPU
		{63A61B0D-E434-4B88-867F-9F49CCCA090E}.Debug|Any CPU.Build.0 = Debug|Any CPU
		{63A61B0D-E434-4B88-867F-9F49CCCA090E}.Release|Any CPU.ActiveCfg = Release|Any CPU
		{63A61B0D-E434-4B88-867F-9F49CCCA090E}.Release|Any CPU.Build.0 = Release|Any CPU
		{B1C0E10A-6F0E-47DB-BF08-C6776847A338}.Debug|Any CPU.ActiveCfg = Debug|Any CPU
		{B1C0E10A-6F0E-47DB-BF08-C6776847A338}.Debug|Any CPU.Build.0 = Debug|Any CPU
		{B1C0E10A-6F0E-47DB-BF08-C6776847A338}.Release|Any CPU.ActiveCfg = Release|Any CPU
		{B1C0E10A-6F0E-47DB-BF08-C6776847A338}.Release|Any CPU.Build.0 = Release|Any CPU
		{DC25001C-597B-435E-8BAB-CC5E0D9EC6FF}.Debug|Any CPU.ActiveCfg = Debug|Any CPU
		{DC25001C-597B-435E-8BAB-CC5E0D9EC6FF}.Debug|Any CPU.Build.0 = Debug|Any CPU
		{DC25001C-597B-435E-8BAB-CC5E0D9EC6FF}.Release|Any CPU.ActiveCfg = Release|Any CPU
		{DC25001C-597B-435E-8BAB-CC5E0D9EC6FF}.Release|Any CPU.Build.0 = Release|Any CPU
	EndGlobalSection
	GlobalSection(SolutionProperties) = preSolution
		HideSolutionNode = FALSE
	EndGlobalSection
	GlobalSection(NestedProjects) = preSolution
		{6881C6EB-9EE7-4359-9335-FA304C36512D} = {B96DEDD9-26E3-4359-A983-148EBD7FAAA0}
	EndGlobalSection
	GlobalSection(ExtensibilityGlobals) = postSolution
		SolutionGuid = {4EAC08CC-88F4-4E10-BD52-2C530F4D9E4C}
	EndGlobalSection
EndGlobal
