
Microsoft Visual Studio Solution File, Format Version 12.00
# Visual Studio Version 16
VisualStudioVersion = 16.0.30413.136
MinimumVisualStudioVersion = 10.0.40219.1
Project("{9A19103F-16F7-4668-BE54-9A1E7A4F7556}") = "Server", "Server.csproj", "{6EF35380-695D-4359-B981-31A1917C34D4}"
EndProject
Project("{9A19103F-16F7-4668-BE54-9A1E7A4F7556}") = "Model", "..\Model\Model.csproj", "{8BE7F452-568A-47EE-8644-8E4347C3226F}"
EndProject
Project("{9A19103F-16F7-4668-BE54-9A1E7A4F7556}") = "CityRunServerRouteApp", "..\CityRunServerRouteApp\CityRunServerRouteApp.csproj", "{6CC13B6D-06AE-4D0B-94B9-494127A62D63}"
EndProject
Project("{9A19103F-16F7-4668-BE54-9A1E7A4F7556}") = "CityRunFunction", "..\CityRunFunction\CityRunFunction.csproj", "{B585E17E-AAFB-496E-874A-21E9427AED48}"
EndProject
Project("{2150E333-8FDC-42A3-9474-1A3956D46DE8}") = "WebF", "WebF", "{B96DEDD9-26E3-4359-A983-148EBD7FAAA0}"
EndProject
Project("{9A19103F-16F7-4668-BE54-9A1E7A4F7556}") = "Geometry", "..\Geometry\Geometry.csproj", "{BE73411A-F8BB-49BB-8BB1-3DB3B740F385}"
EndProject
Project("{9A19103F-16F7-4668-BE54-9A1E7A4F7556}") = "HouseManager", "..\HouseManager\HouseManager.csproj", "{9BFDC0B6-C3BC-47C5-8EA7-523DA009A41B}"
EndProject
Project("{9A19103F-16F7-4668-BE54-9A1E7A4F7556}") = "MateWsAndHouse", "..\MateWsAndHouse\MateWsAndHouse.csproj", "{9B4C1214-0D81-4917-BF1E-004334A5C1B4}"
EndProject
Project("{9A19103F-16F7-4668-BE54-9A1E7A4F7556}") = "WsOfWebClient", "..\WsOfWebClient\WsOfWebClient.csproj", "{C39A70EB-4086-48D8-8D0C-E8C3F6256FBE}"
EndProject
Project("{9A19103F-16F7-4668-BE54-9A1E7A4F7556}") = "FileUpload", "..\FileUpload\FileUpload.csproj", "{54A14EE3-82DC-4DDB-80A3-0B2798D686B5}"
EndProject
Project("{9A19103F-16F7-4668-BE54-9A1E7A4F7556}") = "CommonClass", "..\CommonClass\CommonClass.csproj", "{63A61B0D-E434-4B88-867F-9F49CCCA090E}"
EndProject
Project("{9A19103F-16F7-4668-BE54-9A1E7A4F7556}") = "ShowDemo", "..\ShowDemo\ShowDemo.csproj", "{B1C0E10A-6F0E-47DB-BF08-C6776847A338}"
EndProject
Project("{9A19103F-16F7-4668-BE54-9A1E7A4F7556}") = "Test_HttpClientTest", "..\Test_HttpClientTest\Test_HttpClientTest.csproj", "{DC25001C-597B-435E-8BAB-CC5E0D9EC6FF}"
EndProject
Project("{9A19103F-16F7-4668-BE54-9A1E7A4F7556}") = "TestAllPath", "..\TestAllPath\TestAllPath.csproj", "{DC55D105-C8E8-4DB0-83FB-08A6C7B250A8}"
EndProject
Project("{9A19103F-16F7-4668-BE54-9A1E7A4F7556}") = "ConsoleTestAPP", "..\ConsoleTestAPP\ConsoleTestAPP.csproj", "{58B48CE4-A5F7-474D-B7BB-21025C363695}"
EndProject
Project("{9A19103F-16F7-4668-BE54-9A1E7A4F7556}") = "TcpFunction", "..\TcpFunction\TcpFunction.csproj", "{A4CD1DA7-30F8-4895-9F5D-327F6BDE90C8}"
EndProject
Project("{9A19103F-16F7-4668-BE54-9A1E7A4F7556}") = "HouseManagerController", "..\HouseManagerController\HouseManagerController.csproj", "{5F44E6FA-B5DB-4C53-9A72-E76974EAC71C}"
EndProject
Project("{9A19103F-16F7-4668-BE54-9A1E7A4F7556}") = "WindowsFormsController", "..\WindowsFormsController\WindowsFormsController.csproj", "{31FB4972-EA06-4B28-A363-82707D21EEDA}"
EndProject
Global
	GlobalSection(SolutionConfigurationPlatforms) = preSolution
		Debug|Any CPU = Debug|Any CPU
		Debug|x64 = Debug|x64
		Debug|x86 = Debug|x86
		Release|Any CPU = Release|Any CPU
		Release|x64 = Release|x64
		Release|x86 = Release|x86
	EndGlobalSection
	GlobalSection(ProjectConfigurationPlatforms) = postSolution
		{6EF35380-695D-4359-B981-31A1917C34D4}.Debug|Any CPU.ActiveCfg = Debug|Any CPU
		{6EF35380-695D-4359-B981-31A1917C34D4}.Debug|Any CPU.Build.0 = Debug|Any CPU
		{6EF35380-695D-4359-B981-31A1917C34D4}.Debug|x64.ActiveCfg = Debug|Any CPU
		{6EF35380-695D-4359-B981-31A1917C34D4}.Debug|x64.Build.0 = Debug|Any CPU
		{6EF35380-695D-4359-B981-31A1917C34D4}.Debug|x86.ActiveCfg = Debug|Any CPU
		{6EF35380-695D-4359-B981-31A1917C34D4}.Debug|x86.Build.0 = Debug|Any CPU
		{6EF35380-695D-4359-B981-31A1917C34D4}.Release|Any CPU.ActiveCfg = Release|Any CPU
		{6EF35380-695D-4359-B981-31A1917C34D4}.Release|Any CPU.Build.0 = Release|Any CPU
		{6EF35380-695D-4359-B981-31A1917C34D4}.Release|x64.ActiveCfg = Release|Any CPU
		{6EF35380-695D-4359-B981-31A1917C34D4}.Release|x64.Build.0 = Release|Any CPU
		{6EF35380-695D-4359-B981-31A1917C34D4}.Release|x86.ActiveCfg = Release|Any CPU
		{6EF35380-695D-4359-B981-31A1917C34D4}.Release|x86.Build.0 = Release|Any CPU
		{8BE7F452-568A-47EE-8644-8E4347C3226F}.Debug|Any CPU.ActiveCfg = Debug|Any CPU
		{8BE7F452-568A-47EE-8644-8E4347C3226F}.Debug|Any CPU.Build.0 = Debug|Any CPU
		{8BE7F452-568A-47EE-8644-8E4347C3226F}.Debug|x64.ActiveCfg = Debug|Any CPU
		{8BE7F452-568A-47EE-8644-8E4347C3226F}.Debug|x64.Build.0 = Debug|Any CPU
		{8BE7F452-568A-47EE-8644-8E4347C3226F}.Debug|x86.ActiveCfg = Debug|Any CPU
		{8BE7F452-568A-47EE-8644-8E4347C3226F}.Debug|x86.Build.0 = Debug|Any CPU
		{8BE7F452-568A-47EE-8644-8E4347C3226F}.Release|Any CPU.ActiveCfg = Release|Any CPU
		{8BE7F452-568A-47EE-8644-8E4347C3226F}.Release|Any CPU.Build.0 = Release|Any CPU
		{8BE7F452-568A-47EE-8644-8E4347C3226F}.Release|x64.ActiveCfg = Release|Any CPU
		{8BE7F452-568A-47EE-8644-8E4347C3226F}.Release|x64.Build.0 = Release|Any CPU
		{8BE7F452-568A-47EE-8644-8E4347C3226F}.Release|x86.ActiveCfg = Release|Any CPU
		{8BE7F452-568A-47EE-8644-8E4347C3226F}.Release|x86.Build.0 = Release|Any CPU
		{6CC13B6D-06AE-4D0B-94B9-494127A62D63}.Debug|Any CPU.ActiveCfg = Debug|Any CPU
		{6CC13B6D-06AE-4D0B-94B9-494127A62D63}.Debug|Any CPU.Build.0 = Debug|Any CPU
		{6CC13B6D-06AE-4D0B-94B9-494127A62D63}.Debug|x64.ActiveCfg = Debug|Any CPU
		{6CC13B6D-06AE-4D0B-94B9-494127A62D63}.Debug|x64.Build.0 = Debug|Any CPU
		{6CC13B6D-06AE-4D0B-94B9-494127A62D63}.Debug|x86.ActiveCfg = Debug|Any CPU
		{6CC13B6D-06AE-4D0B-94B9-494127A62D63}.Debug|x86.Build.0 = Debug|Any CPU
		{6CC13B6D-06AE-4D0B-94B9-494127A62D63}.Release|Any CPU.ActiveCfg = Release|Any CPU
		{6CC13B6D-06AE-4D0B-94B9-494127A62D63}.Release|Any CPU.Build.0 = Release|Any CPU
		{6CC13B6D-06AE-4D0B-94B9-494127A62D63}.Release|x64.ActiveCfg = Release|Any CPU
		{6CC13B6D-06AE-4D0B-94B9-494127A62D63}.Release|x64.Build.0 = Release|Any CPU
		{6CC13B6D-06AE-4D0B-94B9-494127A62D63}.Release|x86.ActiveCfg = Release|Any CPU
		{6CC13B6D-06AE-4D0B-94B9-494127A62D63}.Release|x86.Build.0 = Release|Any CPU
		{B585E17E-AAFB-496E-874A-21E9427AED48}.Debug|Any CPU.ActiveCfg = Debug|Any CPU
		{B585E17E-AAFB-496E-874A-21E9427AED48}.Debug|Any CPU.Build.0 = Debug|Any CPU
		{B585E17E-AAFB-496E-874A-21E9427AED48}.Debug|x64.ActiveCfg = Debug|Any CPU
		{B585E17E-AAFB-496E-874A-21E9427AED48}.Debug|x64.Build.0 = Debug|Any CPU
		{B585E17E-AAFB-496E-874A-21E9427AED48}.Debug|x86.ActiveCfg = Debug|Any CPU
		{B585E17E-AAFB-496E-874A-21E9427AED48}.Debug|x86.Build.0 = Debug|Any CPU
		{B585E17E-AAFB-496E-874A-21E9427AED48}.Release|Any CPU.ActiveCfg = Release|Any CPU
		{B585E17E-AAFB-496E-874A-21E9427AED48}.Release|Any CPU.Build.0 = Release|Any CPU
		{B585E17E-AAFB-496E-874A-21E9427AED48}.Release|x64.ActiveCfg = Release|Any CPU
		{B585E17E-AAFB-496E-874A-21E9427AED48}.Release|x64.Build.0 = Release|Any CPU
		{B585E17E-AAFB-496E-874A-21E9427AED48}.Release|x86.ActiveCfg = Release|Any CPU
		{B585E17E-AAFB-496E-874A-21E9427AED48}.Release|x86.Build.0 = Release|Any CPU
		{BE73411A-F8BB-49BB-8BB1-3DB3B740F385}.Debug|Any CPU.ActiveCfg = Debug|Any CPU
		{BE73411A-F8BB-49BB-8BB1-3DB3B740F385}.Debug|Any CPU.Build.0 = Debug|Any CPU
		{BE73411A-F8BB-49BB-8BB1-3DB3B740F385}.Debug|x64.ActiveCfg = Debug|Any CPU
		{BE73411A-F8BB-49BB-8BB1-3DB3B740F385}.Debug|x64.Build.0 = Debug|Any CPU
		{BE73411A-F8BB-49BB-8BB1-3DB3B740F385}.Debug|x86.ActiveCfg = Debug|Any CPU
		{BE73411A-F8BB-49BB-8BB1-3DB3B740F385}.Debug|x86.Build.0 = Debug|Any CPU
		{BE73411A-F8BB-49BB-8BB1-3DB3B740F385}.Release|Any CPU.ActiveCfg = Release|Any CPU
		{BE73411A-F8BB-49BB-8BB1-3DB3B740F385}.Release|Any CPU.Build.0 = Release|Any CPU
		{BE73411A-F8BB-49BB-8BB1-3DB3B740F385}.Release|x64.ActiveCfg = Release|Any CPU
		{BE73411A-F8BB-49BB-8BB1-3DB3B740F385}.Release|x64.Build.0 = Release|Any CPU
		{BE73411A-F8BB-49BB-8BB1-3DB3B740F385}.Release|x86.ActiveCfg = Release|Any CPU
		{BE73411A-F8BB-49BB-8BB1-3DB3B740F385}.Release|x86.Build.0 = Release|Any CPU
		{9BFDC0B6-C3BC-47C5-8EA7-523DA009A41B}.Debug|Any CPU.ActiveCfg = Debug|Any CPU
		{9BFDC0B6-C3BC-47C5-8EA7-523DA009A41B}.Debug|Any CPU.Build.0 = Debug|Any CPU
		{9BFDC0B6-C3BC-47C5-8EA7-523DA009A41B}.Debug|x64.ActiveCfg = Debug|Any CPU
		{9BFDC0B6-C3BC-47C5-8EA7-523DA009A41B}.Debug|x64.Build.0 = Debug|Any CPU
		{9BFDC0B6-C3BC-47C5-8EA7-523DA009A41B}.Debug|x86.ActiveCfg = Debug|Any CPU
		{9BFDC0B6-C3BC-47C5-8EA7-523DA009A41B}.Debug|x86.Build.0 = Debug|Any CPU
		{9BFDC0B6-C3BC-47C5-8EA7-523DA009A41B}.Release|Any CPU.ActiveCfg = Release|Any CPU
		{9BFDC0B6-C3BC-47C5-8EA7-523DA009A41B}.Release|Any CPU.Build.0 = Release|Any CPU
		{9BFDC0B6-C3BC-47C5-8EA7-523DA009A41B}.Release|x64.ActiveCfg = Release|Any CPU
		{9BFDC0B6-C3BC-47C5-8EA7-523DA009A41B}.Release|x64.Build.0 = Release|Any CPU
		{9BFDC0B6-C3BC-47C5-8EA7-523DA009A41B}.Release|x86.ActiveCfg = Release|Any CPU
		{9BFDC0B6-C3BC-47C5-8EA7-523DA009A41B}.Release|x86.Build.0 = Release|Any CPU
		{9B4C1214-0D81-4917-BF1E-004334A5C1B4}.Debug|Any CPU.ActiveCfg = Debug|Any CPU
		{9B4C1214-0D81-4917-BF1E-004334A5C1B4}.Debug|Any CPU.Build.0 = Debug|Any CPU
		{9B4C1214-0D81-4917-BF1E-004334A5C1B4}.Debug|x64.ActiveCfg = Debug|Any CPU
		{9B4C1214-0D81-4917-BF1E-004334A5C1B4}.Debug|x64.Build.0 = Debug|Any CPU
		{9B4C1214-0D81-4917-BF1E-004334A5C1B4}.Debug|x86.ActiveCfg = Debug|Any CPU
		{9B4C1214-0D81-4917-BF1E-004334A5C1B4}.Debug|x86.Build.0 = Debug|Any CPU
		{9B4C1214-0D81-4917-BF1E-004334A5C1B4}.Release|Any CPU.ActiveCfg = Release|Any CPU
		{9B4C1214-0D81-4917-BF1E-004334A5C1B4}.Release|Any CPU.Build.0 = Release|Any CPU
		{9B4C1214-0D81-4917-BF1E-004334A5C1B4}.Release|x64.ActiveCfg = Release|Any CPU
		{9B4C1214-0D81-4917-BF1E-004334A5C1B4}.Release|x64.Build.0 = Release|Any CPU
		{9B4C1214-0D81-4917-BF1E-004334A5C1B4}.Release|x86.ActiveCfg = Release|Any CPU
		{9B4C1214-0D81-4917-BF1E-004334A5C1B4}.Release|x86.Build.0 = Release|Any CPU
		{C39A70EB-4086-48D8-8D0C-E8C3F6256FBE}.Debug|Any CPU.ActiveCfg = Debug|Any CPU
		{C39A70EB-4086-48D8-8D0C-E8C3F6256FBE}.Debug|Any CPU.Build.0 = Debug|Any CPU
		{C39A70EB-4086-48D8-8D0C-E8C3F6256FBE}.Debug|x64.ActiveCfg = Debug|Any CPU
		{C39A70EB-4086-48D8-8D0C-E8C3F6256FBE}.Debug|x64.Build.0 = Debug|Any CPU
		{C39A70EB-4086-48D8-8D0C-E8C3F6256FBE}.Debug|x86.ActiveCfg = Debug|Any CPU
		{C39A70EB-4086-48D8-8D0C-E8C3F6256FBE}.Debug|x86.Build.0 = Debug|Any CPU
		{C39A70EB-4086-48D8-8D0C-E8C3F6256FBE}.Release|Any CPU.ActiveCfg = Release|Any CPU
		{C39A70EB-4086-48D8-8D0C-E8C3F6256FBE}.Release|Any CPU.Build.0 = Release|Any CPU
		{C39A70EB-4086-48D8-8D0C-E8C3F6256FBE}.Release|x64.ActiveCfg = Release|Any CPU
		{C39A70EB-4086-48D8-8D0C-E8C3F6256FBE}.Release|x64.Build.0 = Release|Any CPU
		{C39A70EB-4086-48D8-8D0C-E8C3F6256FBE}.Release|x86.ActiveCfg = Release|Any CPU
		{C39A70EB-4086-48D8-8D0C-E8C3F6256FBE}.Release|x86.Build.0 = Release|Any CPU
		{54A14EE3-82DC-4DDB-80A3-0B2798D686B5}.Debug|Any CPU.ActiveCfg = Debug|Any CPU
		{54A14EE3-82DC-4DDB-80A3-0B2798D686B5}.Debug|Any CPU.Build.0 = Debug|Any CPU
		{54A14EE3-82DC-4DDB-80A3-0B2798D686B5}.Debug|x64.ActiveCfg = Debug|Any CPU
		{54A14EE3-82DC-4DDB-80A3-0B2798D686B5}.Debug|x64.Build.0 = Debug|Any CPU
		{54A14EE3-82DC-4DDB-80A3-0B2798D686B5}.Debug|x86.ActiveCfg = Debug|Any CPU
		{54A14EE3-82DC-4DDB-80A3-0B2798D686B5}.Debug|x86.Build.0 = Debug|Any CPU
		{54A14EE3-82DC-4DDB-80A3-0B2798D686B5}.Release|Any CPU.ActiveCfg = Release|Any CPU
		{54A14EE3-82DC-4DDB-80A3-0B2798D686B5}.Release|Any CPU.Build.0 = Release|Any CPU
		{54A14EE3-82DC-4DDB-80A3-0B2798D686B5}.Release|x64.ActiveCfg = Release|Any CPU
		{54A14EE3-82DC-4DDB-80A3-0B2798D686B5}.Release|x64.Build.0 = Release|Any CPU
		{54A14EE3-82DC-4DDB-80A3-0B2798D686B5}.Release|x86.ActiveCfg = Release|Any CPU
		{54A14EE3-82DC-4DDB-80A3-0B2798D686B5}.Release|x86.Build.0 = Release|Any CPU
		{63A61B0D-E434-4B88-867F-9F49CCCA090E}.Debug|Any CPU.ActiveCfg = Debug|Any CPU
		{63A61B0D-E434-4B88-867F-9F49CCCA090E}.Debug|Any CPU.Build.0 = Debug|Any CPU
		{63A61B0D-E434-4B88-867F-9F49CCCA090E}.Debug|x64.ActiveCfg = Debug|Any CPU
		{63A61B0D-E434-4B88-867F-9F49CCCA090E}.Debug|x64.Build.0 = Debug|Any CPU
		{63A61B0D-E434-4B88-867F-9F49CCCA090E}.Debug|x86.ActiveCfg = Debug|Any CPU
		{63A61B0D-E434-4B88-867F-9F49CCCA090E}.Debug|x86.Build.0 = Debug|Any CPU
		{63A61B0D-E434-4B88-867F-9F49CCCA090E}.Release|Any CPU.ActiveCfg = Release|Any CPU
		{63A61B0D-E434-4B88-867F-9F49CCCA090E}.Release|Any CPU.Build.0 = Release|Any CPU
		{63A61B0D-E434-4B88-867F-9F49CCCA090E}.Release|x64.ActiveCfg = Release|Any CPU
		{63A61B0D-E434-4B88-867F-9F49CCCA090E}.Release|x64.Build.0 = Release|Any CPU
		{63A61B0D-E434-4B88-867F-9F49CCCA090E}.Release|x86.ActiveCfg = Release|Any CPU
		{63A61B0D-E434-4B88-867F-9F49CCCA090E}.Release|x86.Build.0 = Release|Any CPU
		{B1C0E10A-6F0E-47DB-BF08-C6776847A338}.Debug|Any CPU.ActiveCfg = Debug|Any CPU
		{B1C0E10A-6F0E-47DB-BF08-C6776847A338}.Debug|Any CPU.Build.0 = Debug|Any CPU
		{B1C0E10A-6F0E-47DB-BF08-C6776847A338}.Debug|x64.ActiveCfg = Debug|Any CPU
		{B1C0E10A-6F0E-47DB-BF08-C6776847A338}.Debug|x64.Build.0 = Debug|Any CPU
		{B1C0E10A-6F0E-47DB-BF08-C6776847A338}.Debug|x86.ActiveCfg = Debug|Any CPU
		{B1C0E10A-6F0E-47DB-BF08-C6776847A338}.Debug|x86.Build.0 = Debug|Any CPU
		{B1C0E10A-6F0E-47DB-BF08-C6776847A338}.Release|Any CPU.ActiveCfg = Release|Any CPU
		{B1C0E10A-6F0E-47DB-BF08-C6776847A338}.Release|Any CPU.Build.0 = Release|Any CPU
		{B1C0E10A-6F0E-47DB-BF08-C6776847A338}.Release|x64.ActiveCfg = Release|Any CPU
		{B1C0E10A-6F0E-47DB-BF08-C6776847A338}.Release|x64.Build.0 = Release|Any CPU
		{B1C0E10A-6F0E-47DB-BF08-C6776847A338}.Release|x86.ActiveCfg = Release|Any CPU
		{B1C0E10A-6F0E-47DB-BF08-C6776847A338}.Release|x86.Build.0 = Release|Any CPU
		{DC25001C-597B-435E-8BAB-CC5E0D9EC6FF}.Debug|Any CPU.ActiveCfg = Debug|Any CPU
		{DC25001C-597B-435E-8BAB-CC5E0D9EC6FF}.Debug|Any CPU.Build.0 = Debug|Any CPU
		{DC25001C-597B-435E-8BAB-CC5E0D9EC6FF}.Debug|x64.ActiveCfg = Debug|Any CPU
		{DC25001C-597B-435E-8BAB-CC5E0D9EC6FF}.Debug|x64.Build.0 = Debug|Any CPU
		{DC25001C-597B-435E-8BAB-CC5E0D9EC6FF}.Debug|x86.ActiveCfg = Debug|Any CPU
		{DC25001C-597B-435E-8BAB-CC5E0D9EC6FF}.Debug|x86.Build.0 = Debug|Any CPU
		{DC25001C-597B-435E-8BAB-CC5E0D9EC6FF}.Release|Any CPU.ActiveCfg = Release|Any CPU
		{DC25001C-597B-435E-8BAB-CC5E0D9EC6FF}.Release|Any CPU.Build.0 = Release|Any CPU
		{DC25001C-597B-435E-8BAB-CC5E0D9EC6FF}.Release|x64.ActiveCfg = Release|Any CPU
		{DC25001C-597B-435E-8BAB-CC5E0D9EC6FF}.Release|x64.Build.0 = Release|Any CPU
		{DC25001C-597B-435E-8BAB-CC5E0D9EC6FF}.Release|x86.ActiveCfg = Release|Any CPU
		{DC25001C-597B-435E-8BAB-CC5E0D9EC6FF}.Release|x86.Build.0 = Release|Any CPU
		{DC55D105-C8E8-4DB0-83FB-08A6C7B250A8}.Debug|Any CPU.ActiveCfg = Debug|Any CPU
		{DC55D105-C8E8-4DB0-83FB-08A6C7B250A8}.Debug|Any CPU.Build.0 = Debug|Any CPU
		{DC55D105-C8E8-4DB0-83FB-08A6C7B250A8}.Debug|x64.ActiveCfg = Debug|Any CPU
		{DC55D105-C8E8-4DB0-83FB-08A6C7B250A8}.Debug|x64.Build.0 = Debug|Any CPU
		{DC55D105-C8E8-4DB0-83FB-08A6C7B250A8}.Debug|x86.ActiveCfg = Debug|Any CPU
		{DC55D105-C8E8-4DB0-83FB-08A6C7B250A8}.Debug|x86.Build.0 = Debug|Any CPU
		{DC55D105-C8E8-4DB0-83FB-08A6C7B250A8}.Release|Any CPU.ActiveCfg = Release|Any CPU
		{DC55D105-C8E8-4DB0-83FB-08A6C7B250A8}.Release|Any CPU.Build.0 = Release|Any CPU
		{DC55D105-C8E8-4DB0-83FB-08A6C7B250A8}.Release|x64.ActiveCfg = Release|Any CPU
		{DC55D105-C8E8-4DB0-83FB-08A6C7B250A8}.Release|x64.Build.0 = Release|Any CPU
		{DC55D105-C8E8-4DB0-83FB-08A6C7B250A8}.Release|x86.ActiveCfg = Release|Any CPU
		{DC55D105-C8E8-4DB0-83FB-08A6C7B250A8}.Release|x86.Build.0 = Release|Any CPU
		{58B48CE4-A5F7-474D-B7BB-21025C363695}.Debug|Any CPU.ActiveCfg = Debug|Any CPU
		{58B48CE4-A5F7-474D-B7BB-21025C363695}.Debug|Any CPU.Build.0 = Debug|Any CPU
		{58B48CE4-A5F7-474D-B7BB-21025C363695}.Debug|x64.ActiveCfg = Debug|Any CPU
		{58B48CE4-A5F7-474D-B7BB-21025C363695}.Debug|x64.Build.0 = Debug|Any CPU
		{58B48CE4-A5F7-474D-B7BB-21025C363695}.Debug|x86.ActiveCfg = Debug|Any CPU
		{58B48CE4-A5F7-474D-B7BB-21025C363695}.Debug|x86.Build.0 = Debug|Any CPU
		{58B48CE4-A5F7-474D-B7BB-21025C363695}.Release|Any CPU.ActiveCfg = Release|Any CPU
		{58B48CE4-A5F7-474D-B7BB-21025C363695}.Release|Any CPU.Build.0 = Release|Any CPU
		{58B48CE4-A5F7-474D-B7BB-21025C363695}.Release|x64.ActiveCfg = Release|Any CPU
		{58B48CE4-A5F7-474D-B7BB-21025C363695}.Release|x64.Build.0 = Release|Any CPU
		{58B48CE4-A5F7-474D-B7BB-21025C363695}.Release|x86.ActiveCfg = Release|Any CPU
		{58B48CE4-A5F7-474D-B7BB-21025C363695}.Release|x86.Build.0 = Release|Any CPU
		{A4CD1DA7-30F8-4895-9F5D-327F6BDE90C8}.Debug|Any CPU.ActiveCfg = Debug|Any CPU
		{A4CD1DA7-30F8-4895-9F5D-327F6BDE90C8}.Debug|Any CPU.Build.0 = Debug|Any CPU
		{A4CD1DA7-30F8-4895-9F5D-327F6BDE90C8}.Debug|x64.ActiveCfg = Debug|Any CPU
		{A4CD1DA7-30F8-4895-9F5D-327F6BDE90C8}.Debug|x64.Build.0 = Debug|Any CPU
		{A4CD1DA7-30F8-4895-9F5D-327F6BDE90C8}.Debug|x86.ActiveCfg = Debug|Any CPU
		{A4CD1DA7-30F8-4895-9F5D-327F6BDE90C8}.Debug|x86.Build.0 = Debug|Any CPU
		{A4CD1DA7-30F8-4895-9F5D-327F6BDE90C8}.Release|Any CPU.ActiveCfg = Release|Any CPU
		{A4CD1DA7-30F8-4895-9F5D-327F6BDE90C8}.Release|Any CPU.Build.0 = Release|Any CPU
		{A4CD1DA7-30F8-4895-9F5D-327F6BDE90C8}.Release|x64.ActiveCfg = Release|Any CPU
		{A4CD1DA7-30F8-4895-9F5D-327F6BDE90C8}.Release|x64.Build.0 = Release|Any CPU
		{A4CD1DA7-30F8-4895-9F5D-327F6BDE90C8}.Release|x86.ActiveCfg = Release|Any CPU
		{A4CD1DA7-30F8-4895-9F5D-327F6BDE90C8}.Release|x86.Build.0 = Release|Any CPU
		{5F44E6FA-B5DB-4C53-9A72-E76974EAC71C}.Debug|Any CPU.ActiveCfg = Debug|Any CPU
		{5F44E6FA-B5DB-4C53-9A72-E76974EAC71C}.Debug|Any CPU.Build.0 = Debug|Any CPU
		{5F44E6FA-B5DB-4C53-9A72-E76974EAC71C}.Debug|x64.ActiveCfg = Debug|Any CPU
		{5F44E6FA-B5DB-4C53-9A72-E76974EAC71C}.Debug|x64.Build.0 = Debug|Any CPU
		{5F44E6FA-B5DB-4C53-9A72-E76974EAC71C}.Debug|x86.ActiveCfg = Debug|Any CPU
		{5F44E6FA-B5DB-4C53-9A72-E76974EAC71C}.Debug|x86.Build.0 = Debug|Any CPU
		{5F44E6FA-B5DB-4C53-9A72-E76974EAC71C}.Release|Any CPU.ActiveCfg = Release|Any CPU
		{5F44E6FA-B5DB-4C53-9A72-E76974EAC71C}.Release|Any CPU.Build.0 = Release|Any CPU
		{5F44E6FA-B5DB-4C53-9A72-E76974EAC71C}.Release|x64.ActiveCfg = Release|Any CPU
		{5F44E6FA-B5DB-4C53-9A72-E76974EAC71C}.Release|x64.Build.0 = Release|Any CPU
		{5F44E6FA-B5DB-4C53-9A72-E76974EAC71C}.Release|x86.ActiveCfg = Release|Any CPU
		{5F44E6FA-B5DB-4C53-9A72-E76974EAC71C}.Release|x86.Build.0 = Release|Any CPU
		{31FB4972-EA06-4B28-A363-82707D21EEDA}.Debug|Any CPU.ActiveCfg = Debug|Any CPU
		{31FB4972-EA06-4B28-A363-82707D21EEDA}.Debug|Any CPU.Build.0 = Debug|Any CPU
		{31FB4972-EA06-4B28-A363-82707D21EEDA}.Debug|x64.ActiveCfg = Debug|Any CPU
		{31FB4972-EA06-4B28-A363-82707D21EEDA}.Debug|x64.Build.0 = Debug|Any CPU
		{31FB4972-EA06-4B28-A363-82707D21EEDA}.Debug|x86.ActiveCfg = Debug|Any CPU
		{31FB4972-EA06-4B28-A363-82707D21EEDA}.Debug|x86.Build.0 = Debug|Any CPU
		{31FB4972-EA06-4B28-A363-82707D21EEDA}.Release|Any CPU.ActiveCfg = Release|Any CPU
		{31FB4972-EA06-4B28-A363-82707D21EEDA}.Release|Any CPU.Build.0 = Release|Any CPU
		{31FB4972-EA06-4B28-A363-82707D21EEDA}.Release|x64.ActiveCfg = Release|Any CPU
		{31FB4972-EA06-4B28-A363-82707D21EEDA}.Release|x64.Build.0 = Release|Any CPU
		{31FB4972-EA06-4B28-A363-82707D21EEDA}.Release|x86.ActiveCfg = Release|Any CPU
		{31FB4972-EA06-4B28-A363-82707D21EEDA}.Release|x86.Build.0 = Release|Any CPU
	EndGlobalSection
	GlobalSection(SolutionProperties) = preSolution
		HideSolutionNode = FALSE
	EndGlobalSection
	GlobalSection(ExtensibilityGlobals) = postSolution
		SolutionGuid = {4EAC08CC-88F4-4E10-BD52-2C530F4D9E4C}
	EndGlobalSection
EndGlobal
